Microsoft Visual Studio Solution File, Format Version 12.00
# Visual Studio 15
VisualStudioVersion = 15.0.26430.14
MinimumVisualStudioVersion = 10.0.40219.1
Project("{FAE04EC0-301F-11D3-BF4B-00C04F79EFBC}") = "AdyenMergedAPI.Standard", "AdyenMergedAPI.Standard/AdyenMergedAPI.Standard.csproj", "{7416d552-827b-4903-8eee-fe7e5a5013c7}"
EndProject
Project("{FAE04EC0-301F-11D3-BF4B-00C04F79EFBC}") = "AdyenMergedAPI.Tests", "AdyenMergedAPI.Tests/AdyenMergedAPI.Tests.csproj", "{ebdcd208-17e1-457c-8905-82831f8b43a3}"
EndProject
Global
    GlobalSection(SolutionConfigurationPlatforms) = preSolution
        Debug|Any CPU = Debug|Any CPU
        Release|Any CPU = Release|Any CPU
    EndGlobalSection
    GlobalSection(ProjectConfigurationPlatforms) = postSolution
        {7416d552-827b-4903-8eee-fe7e5a5013c7}.Debug|Any CPU.ActiveCfg = Debug|Any CPU
        {7416d552-827b-4903-8eee-fe7e5a5013c7}.Debug|Any CPU.Build.0 = Debug|Any CPU
        {7416d552-827b-4903-8eee-fe7e5a5013c7}.Release|Any CPU.ActiveCfg = Release|Any CPU
        {7416d552-827b-4903-8eee-fe7e5a5013c7}.Release|Any CPU.Build.0 = Release|Any CPU
        {ebdcd208-17e1-457c-8905-82831f8b43a3}.Debug|Any CPU.ActiveCfg = Debug|Any CPU
        {ebdcd208-17e1-457c-8905-82831f8b43a3}.Debug|Any CPU.Build.0 = Debug|Any CPU
        {ebdcd208-17e1-457c-8905-82831f8b43a3}.Release|Any CPU.ActiveCfg = Release|Any CPU
        {ebdcd208-17e1-457c-8905-82831f8b43a3}.Release|Any CPU.Build.0 = Release|Any CPU
    EndGlobalSection
    GlobalSection(SolutionProperties) = preSolution
        HideSolutionNode = FALSE
    EndGlobalSection
EndGlobal
